// !$*UTF8*$!
{
	archiveVersion = 1;
	classes = {
	};
	objectVersion = 56;
	objects = {

/* Begin PBXBuildFile section */
		AA000001 /* BallCatchApp.swift in Sources */ = {isa = PBXBuildFile; fileRef = AB000001 /* BallCatchApp.swift */; };
		AA000002 /* GameStateManager.swift in Sources */ = {isa = PBXBuildFile; fileRef = AB000002 /* GameStateManager.swift */; };
		AA000003 /* BallScene.swift in Sources */ = {isa = PBXBuildFile; fileRef = AB000003 /* BallScene.swift */; };
		AA000004 /* BallNode.swift in Sources */ = {isa = PBXBuildFile; fileRef = AB000004 /* BallNode.swift */; };
		AA000005 /* MotionManager.swift in Sources */ = {isa = PBXBuildFile; fileRef = AB000005 /* MotionManager.swift */; };
		AA000006 /* ThrowDetector.swift in Sources */ = {isa = PBXBuildFile; fileRef = AB000006 /* ThrowDetector.swift */; };
		AA000007 /* CatchDetector.swift in Sources */ = {isa = PBXBuildFile; fileRef = AB000007 /* CatchDetector.swift */; };
		AA000008 /* LowPassFilter.swift in Sources */ = {isa = PBXBuildFile; fileRef = AB000008 /* LowPassFilter.swift */; };
		AA000009 /* HapticManager.swift in Sources */ = {isa = PBXBuildFile; fileRef = AB000009 /* HapticManager.swift */; };
		AA000010 /* HapticPatterns.swift in Sources */ = {isa = PBXBuildFile; fileRef = AB000010 /* HapticPatterns.swift */; };
		AA000011 /* GameView.swift in Sources */ = {isa = PBXBuildFile; fileRef = AB000011 /* GameView.swift */; };
		AA000012 /* ShadowView.swift in Sources */ = {isa = PBXBuildFile; fileRef = AB000012 /* ShadowView.swift */; };
		AA000013 /* StatsOverlayView.swift in Sources */ = {isa = PBXBuildFile; fileRef = AB000013 /* StatsOverlayView.swift */; };
		AA000020 /* SpriteKit.framework in Frameworks */ = {isa = PBXBuildFile; fileRef = AB000020 /* SpriteKit.framework */; };
		AA000021 /* CoreMotion.framework in Frameworks */ = {isa = PBXBuildFile; fileRef = AB000021 /* CoreMotion.framework */; };
		AA000022 /* CoreHaptics.framework in Frameworks */ = {isa = PBXBuildFile; fileRef = AB000022 /* CoreHaptics.framework */; };
/* End PBXBuildFile section */

/* Begin PBXFileReference section */
		AB000001 /* BallCatchApp.swift */ = {isa = PBXFileReference; lastKnownFileType = sourcecode.swift; path = BallCatchApp.swift; sourceTree = "<group>"; };
		AB000002 /* GameStateManager.swift */ = {isa = PBXFileReference; lastKnownFileType = sourcecode.swift; path = GameStateManager.swift; sourceTree = "<group>"; };
		AB000003 /* BallScene.swift */ = {isa = PBXFileReference; lastKnownFileType = sourcecode.swift; path = BallScene.swift; sourceTree = "<group>"; };
		AB000004 /* BallNode.swift */ = {isa = PBXFileReference; lastKnownFileType = sourcecode.swift; path = BallNode.swift; sourceTree = "<group>"; };
		AB000005 /* MotionManager.swift */ = {isa = PBXFileReference; lastKnownFileType = sourcecode.swift; path = MotionManager.swift; sourceTree = "<group>"; };
		AB000006 /* ThrowDetector.swift */ = {isa = PBXFileReference; lastKnownFileType = sourcecode.swift; path = ThrowDetector.swift; sourceTree = "<group>"; };
		AB000007 /* CatchDetector.swift */ = {isa = PBXFileReference; lastKnownFileType = sourcecode.swift; path = CatchDetector.swift; sourceTree = "<group>"; };
		AB000008 /* LowPassFilter.swift */ = {isa = PBXFileReference; lastKnownFileType = sourcecode.swift; path = LowPassFilter.swift; sourceTree = "<group>"; };
		AB000009 /* HapticManager.swift */ = {isa = PBXFileReference; lastKnownFileType = sourcecode.swift; path = HapticManager.swift; sourceTree = "<group>"; };
		AB000010 /* HapticPatterns.swift */ = {isa = PBXFileReference; lastKnownFileType = sourcecode.swift; path = HapticPatterns.swift; sourceTree = "<group>"; };
		AB000011 /* GameView.swift */ = {isa = PBXFileReference; lastKnownFileType = sourcecode.swift; path = GameView.swift; sourceTree = "<group>"; };
		AB000012 /* ShadowView.swift */ = {isa = PBXFileReference; lastKnownFileType = sourcecode.swift; path = ShadowView.swift; sourceTree = "<group>"; };
		AB000013 /* StatsOverlayView.swift */ = {isa = PBXFileReference; lastKnownFileType = sourcecode.swift; path = StatsOverlayView.swift; sourceTree = "<group>"; };
		AB000020 /* SpriteKit.framework */ = {isa = PBXFileReference; lastKnownFileType = wrapper.framework; name = SpriteKit.framework; path = System/Library/Frameworks/SpriteKit.framework; sourceTree = SDKROOT; };
		AB000021 /* CoreMotion.framework */ = {isa = PBXFileReference; lastKnownFileType = wrapper.framework; name = CoreMotion.framework; path = System/Library/Frameworks/CoreMotion.framework; sourceTree = SDKROOT; };
		AB000022 /* CoreHaptics.framework */ = {isa = PBXFileReference; lastKnownFileType = wrapper.framework; name = CoreHaptics.framework; path = System/Library/Frameworks/CoreHaptics.framework; sourceTree = SDKROOT; };
		AB000030 /* Info.plist */ = {isa = PBXFileReference; lastKnownFileType = text.plist.xml; path = Info.plist; sourceTree = "<group>"; };
		AB000031 /* BallCatch.app */ = {isa = PBXFileReference; explicitFileType = wrapper.application; includeInIndex = 0; path = BallCatch.app; sourceTree = BUILT_PRODUCTS_DIR; };
/* End PBXFileReference section */

/* Begin PBXFrameworksBuildPhase section */
		AC000001 /* Frameworks */ = {
			isa = PBXFrameworksBuildPhase;
			buildActionMask = 2147483647;
			files = (
				AA000020 /* SpriteKit.framework in Frameworks */,
				AA000021 /* CoreMotion.framework in Frameworks */,
				AA000022 /* CoreHaptics.framework in Frameworks */,
			);
			runOnlyForDeploymentPostprocessing = 0;
		};
/* End PBXFrameworksBuildPhase section */

/* Begin PBXGroup section */
		AD000000 /* root */ = {
			isa = PBXGroup;
			children = (
				AD000001 /* BallCatch */,
				AD000010 /* Frameworks */,
				AD000020 /* Products */,
			);
			sourceTree = "<group>";
		};
		AD000001 /* BallCatch */ = {
			isa = PBXGroup;
			children = (
				AD000002 /* App */,
				AD000003 /* Game */,
				AD000004 /* Motion */,
				AD000005 /* Haptics */,
				AD000006 /* Views */,
				AD000007 /* Resources */,
			);
			path = BallCatch;
			sourceTree = "<group>";
		};
		AD000002 /* App */ = {
			isa = PBXGroup;
			children = (
				AB000001 /* BallCatchApp.swift */,
			);
			path = App;
			sourceTree = "<group>";
		};
		AD000003 /* Game */ = {
			isa = PBXGroup;
			children = (
				AB000002 /* GameStateManager.swift */,
				AB000003 /* BallScene.swift */,
				AB000004 /* BallNode.swift */,
			);
			path = Game;
			sourceTree = "<group>";
		};
		AD000004 /* Motion */ = {
			isa = PBXGroup;
			children = (
				AB000005 /* MotionManager.swift */,
				AB000006 /* ThrowDetector.swift */,
				AB000007 /* CatchDetector.swift */,
				AB000008 /* LowPassFilter.swift */,
			);
			path = Motion;
			sourceTree = "<group>";
		};
		AD000005 /* Haptics */ = {
			isa = PBXGroup;
			children = (
				AB000009 /* HapticManager.swift */,
				AB000010 /* HapticPatterns.swift */,
			);
			path = Haptics;
			sourceTree = "<group>";
		};
		AD000006 /* Views */ = {
			isa = PBXGroup;
			children = (
				AB000011 /* GameView.swift */,
				AB000012 /* ShadowView.swift */,
				AB000013 /* StatsOverlayView.swift */,
			);
			path = Views;
			sourceTree = "<group>";
		};
		AD000007 /* Resources */ = {
			isa = PBXGroup;
			children = (
				AB000030 /* Info.plist */,
			);
			path = Resources;
			sourceTree = "<group>";
		};
		AD000010 /* Frameworks */ = {
			isa = PBXGroup;
			children = (
				AB000020 /* SpriteKit.framework */,
				AB000021 /* CoreMotion.framework */,
				AB000022 /* CoreHaptics.framework */,
			);
			name = Frameworks;
			sourceTree = "<group>";
		};
		AD000020 /* Products */ = {
			isa = PBXGroup;
			children = (
				AB000031 /* BallCatch.app */,
			);
			name = Products;
			sourceTree = "<group>";
		};
/* End PBXGroup section */

/* Begin PBXNativeTarget section */
		AE000001 /* BallCatch */ = {
			isa = PBXNativeTarget;
			buildConfigurationList = AF000002 /* Build configuration list for PBXNativeTarget "BallCatch" */;
			buildPhases = (
				AC000001 /* Frameworks */,
				AC000002 /* Sources */,
				AC000003 /* Resources */,
			);
			buildRules = (
			);
			dependencies = (
			);
			name = BallCatch;
			productName = BallCatch;
			productReference = AB000031 /* BallCatch.app */;
			productType = "com.apple.product-type.application";
		};
/* End PBXNativeTarget section */

/* Begin PBXProject section */
		AE000000 /* Project object */ = {
			isa = PBXProject;
			attributes = {
				BuildIndependentTargetsInParallel = 1;
				LastSwiftUpdateCheck = 1500;
				LastUpgradeCheck = 1500;
				TargetAttributes = {
					AE000001 = {
						CreatedOnToolsVersion = 15.0;
					};
				};
			};
			buildConfigurationList = AF000001 /* Build configuration list for PBXProject "BallCatch" */;
			compatibilityVersion = "Xcode 14.0";
			developmentRegion = en;
			hasScannedForEncodings = 0;
			knownRegions = (
				en,
				Base,
			);
			mainGroup = AD000000 /* root */;
			productRefGroup = AD000020 /* Products */;
			projectDirPath = "";
			projectRoot = "";
			targets = (
				AE000001 /* BallCatch */,
			);
		};
/* End PBXProject section */

/* Begin PBXResourcesBuildPhase section */
		AC000003 /* Resources */ = {
			isa = PBXResourcesBuildPhase;
			buildActionMask = 2147483647;
			files = (
			);
			runOnlyForDeploymentPostprocessing = 0;
		};
/* End PBXResourcesBuildPhase section */

/* Begin PBXSourcesBuildPhase section */
		AC000002 /* Sources */ = {
			isa = PBXSourcesBuildPhase;
			buildActionMask = 2147483647;
			files = (
				AA000001 /* BallCatchApp.swift in Sources */,
				AA000002 /* GameStateManager.swift in Sources */,
				AA000003 /* BallScene.swift in Sources */,
				AA000004 /* BallNode.swift in Sources */,
				AA000005 /* MotionManager.swift in Sources */,
				AA000006 /* ThrowDetector.swift in Sources */,
				AA000007 /* CatchDetector.swift in Sources */,
				AA000008 /* LowPassFilter.swift in Sources */,
				AA000009 /* HapticManager.swift in Sources */,
				AA000010 /* HapticPatterns.swift in Sources */,
				AA000011 /* GameView.swift in Sources */,
				AA000012 /* ShadowView.swift in Sources */,
				AA000013 /* StatsOverlayView.swift in Sources */,
			);
			runOnlyForDeploymentPostprocessing = 0;
		};
/* End PBXSourcesBuildPhase section */

/* Begin XCBuildConfiguration section */
		AF000010 /* Debug */ = {
			isa = XCBuildConfiguration;
			buildSettings = {
				ALWAYS_SEARCH_USER_PATHS = NO;
				ASSETCATALOG_COMPILER_GENERATE_SWIFT_ASSET_SYMBOL_EXTENSIONS = YES;
				CLANG_ANALYZER_NONNULL = YES;
				CLANG_ANALYZER_NUMBER_OBJECT_CONVERSION = YES_AGGRESSIVE;
				CLANG_CXX_LANGUAGE_STANDARD = "gnu++20";
				CLANG_ENABLE_MODULES = YES;
				CLANG_ENABLE_OBJC_ARC = YES;
				CLANG_ENABLE_OBJC_WEAK = YES;
				CLANG_WARN_BLOCK_CAPTURE_AUTORELEASING = YES;
				CLANG_WARN_BOOL_CONVERSION = YES;
				CLANG_WARN_COMMA = YES;
				CLANG_WARN_CONSTANT_CONVERSION = YES;
				CLANG_WARN_DEPRECATED_OBJC_IMPLEMENTATIONS = YES;
				CLANG_WARN_DIRECT_OBJC_ISA_USAGE = YES_ERROR;
				CLANG_WARN_DOCUMENTATION_COMMENTS = YES;
				CLANG_WARN_EMPTY_BODY = YES;
				CLANG_WARN_ENUM_CONVERSION = YES;
				CLANG_WARN_INFINITE_RECURSION = YES;
				CLANG_WARN_INT_CONVERSION = YES;
				CLANG_WARN_NON_LITERAL_NULL_CONVERSION = YES;
				CLANG_WARN_OBJC_IMPLICIT_RETAIN_CYCLE = YES;
				CLANG_WARN_OBJC_LITERAL_CONVERSION = YES;
				CLANG_WARN_OBJC_ROOT_CLASS = YES_ERROR;
				CLANG_WARN_QUOTED_INCLUDE_IN_FRAMEWORK_HEADER = YES;
				CLANG_WARN_RANGE_LOOP_ANALYSIS = YES;
				CLANG_WARN_STRICT_PROTOTYPES = YES;
				CLANG_WARN_SUSPICIOUS_MOVE = YES;
				CLANG_WARN_UNGUARDED_AVAILABILITY = YES_AGGRESSIVE;
				CLANG_WARN_UNREACHABLE_CODE = YES;
				CLANG_WARN__DUPLICATE_METHOD_MATCH = YES;
				COPY_PHASE_STRIP = NO;
				DEBUG_INFORMATION_FORMAT = dwarf;
				ENABLE_STRICT_OBJC_MSGSEND = YES;
				ENABLE_TESTABILITY = YES;
				ENABLE_USER_SCRIPT_SANDBOXING = YES;
				GCC_C_LANGUAGE_STANDARD = gnu17;
				GCC_DYNAMIC_NO_PIC = NO;
				GCC_NO_COMMON_BLOCKS = YES;
				GCC_OPTIMIZATION_LEVEL = 0;
				GCC_PREPROCESSOR_DEFINITIONS = (
					"DEBUG=1",
					"$(inherited)",
				);
				GCC_WARN_64_TO_32_BIT_CONVERSION = YES;
				GCC_WARN_ABOUT_RETURN_TYPE = YES_ERROR;
				GCC_WARN_UNDECLARED_SELECTOR = YES;
				GCC_WARN_UNINITIALIZED_AUTOS = YES_AGGRESSIVE;
				GCC_WARN_UNUSED_FUNCTION = YES;
				GCC_WARN_UNUSED_VARIABLE = YES;
				IPHONEOS_DEPLOYMENT_TARGET = 17.0;
				MTL_ENABLE_DEBUG_INFO = INCLUDE_SOURCE;
				MTL_FAST_MATH = YES;
				ONLY_ACTIVE_ARCH = YES;
				SDKROOT = iphoneos;
				SWIFT_ACTIVE_COMPILATION_CONDITIONS = DEBUG;
				SWIFT_OPTIMIZATION_LEVEL = "-Onone";
			};
			name = Debug;
		};
		AF000011 /* Release */ = {
			isa = XCBuildConfiguration;
			buildSettings = {
				ALWAYS_SEARCH_USER_PATHS = NO;
				ASSETCATALOG_COMPILER_GENERATE_SWIFT_ASSET_SYMBOL_EXTENSIONS = YES;
				CLANG_ANALYZER_NONNULL = YES;
				CLANG_ANALYZER_NUMBER_OBJECT_CONVERSION = YES_AGGRESSIVE;
				CLANG_CXX_LANGUAGE_STANDARD = "gnu++20";
				CLANG_ENABLE_MODULES = YES;
				CLANG_ENABLE_OBJC_ARC = YES;
				CLANG_ENABLE_OBJC_WEAK = YES;
				CLANG_WARN_BLOCK_CAPTURE_AUTORELEASING = YES;
				CLANG_WARN_BOOL_CONVERSION = YES;
				CLANG_WARN_COMMA = YES;
				CLANG_WARN_CONSTANT_CONVERSION = YES;
				CLANG_WARN_DEPRECATED_OBJC_IMPLEMENTATIONS = YES;
				CLANG_WARN_DIRECT_OBJC_ISA_USAGE = YES_ERROR;
				CLANG_WARN_DOCUMENTATION_COMMENTS = YES;
				CLANG_WARN_EMPTY_BODY = YES;
				CLANG_WARN_ENUM_CONVERSION = YES;
				CLANG_WARN_INFINITE_RECURSION = YES;
				CLANG_WARN_INT_CONVERSION = YES;
				CLANG_WARN_NON_LITERAL_NULL_CONVERSION = YES;
				CLANG_WARN_OBJC_IMPLICIT_RETAIN_CYCLE = YES;
				CLANG_WARN_OBJC_LITERAL_CONVERSION = YES;
				CLANG_WARN_OBJC_ROOT_CLASS = YES_ERROR;
				CLANG_WARN_QUOTED_INCLUDE_IN_FRAMEWORK_HEADER = YES;
				CLANG_WARN_RANGE_LOOP_ANALYSIS = YES;
				CLANG_WARN_STRICT_PROTOTYPES = YES;
				CLANG_WARN_SUSPICIOUS_MOVE = YES;
				CLANG_WARN_UNGUARDED_AVAILABILITY = YES_AGGRESSIVE;
				CLANG_WARN_UNREACHABLE_CODE = YES;
				CLANG_WARN__DUPLICATE_METHOD_MATCH = YES;
				COPY_PHASE_STRIP = NO;
				DEBUG_INFORMATION_FORMAT = "dwarf-with-dsym";
				ENABLE_NS_ASSERTIONS = NO;
				ENABLE_STRICT_OBJC_MSGSEND = YES;
				ENABLE_USER_SCRIPT_SANDBOXING = YES;
				GCC_C_LANGUAGE_STANDARD = gnu17;
				GCC_NO_COMMON_BLOCKS = YES;
				GCC_WARN_64_TO_32_BIT_CONVERSION = YES;
				GCC_WARN_ABOUT_RETURN_TYPE = YES_ERROR;
				GCC_WARN_UNDECLARED_SELECTOR = YES;
				GCC_WARN_UNINITIALIZED_AUTOS = YES_AGGRESSIVE;
				GCC_WARN_UNUSED_FUNCTION = YES;
				GCC_WARN_UNUSED_VARIABLE = YES;
				IPHONEOS_DEPLOYMENT_TARGET = 17.0;
				MTL_FAST_MATH = YES;
				SDKROOT = iphoneos;
				SWIFT_COMPILATION_MODE = wholemodule;
				VALIDATE_PRODUCT = YES;
			};
			name = Release;
		};
		AF000012 /* Debug */ = {
			isa = XCBuildConfiguration;
			buildSettings = {
				ASSETCATALOG_COMPILER_APPICON_NAME = AppIcon;
				ASSETCATALOG_COMPILER_GLOBAL_ACCENT_COLOR_NAME = AccentColor;
				CODE_SIGN_STYLE = Automatic;
				CURRENT_PROJECT_VERSION = 1;
				DEVELOPMENT_TEAM = "";
				ENABLE_BITCODE = NO;
				GENERATE_INFOPLIST_FILE = NO;
				INFOPLIST_FILE = "BallCatch/Resources/Info.plist";
				IPHONEOS_DEPLOYMENT_TARGET = 17.0;
				LD_RUNPATH_SEARCH_PATHS = (
					"$(inherited)",
					"@executable_path/Frameworks",
				);
				MARKETING_VERSION = 1.0;
				PRODUCT_BUNDLE_IDENTIFIER = "com.sasha.ballcatch";
				PRODUCT_NAME = "$(TARGET_NAME)";
				SWIFT_EMIT_LOC_STRINGS = YES;
				SWIFT_VERSION = 5.0;
				TARGETED_DEVICE_FAMILY = 1;
			};
			name = Debug;
		};
		AF000013 /* Release */ = {
			isa = XCBuildConfiguration;
			buildSettings = {
				ASSETCATALOG_COMPILER_APPICON_NAME = AppIcon;
				ASSETCATALOG_COMPILER_GLOBAL_ACCENT_COLOR_NAME = AccentColor;
				CODE_SIGN_STYLE = Automatic;
				CURRENT_PROJECT_VERSION = 1;
				DEVELOPMENT_TEAM = "";
				ENABLE_BITCODE = NO;
				GENERATE_INFOPLIST_FILE = NO;
				INFOPLIST_FILE = "BallCatch/Resources/Info.plist";
				IPHONEOS_DEPLOYMENT_TARGET = 17.0;
				LD_RUNPATH_SEARCH_PATHS = (
					"$(inherited)",
					"@executable_path/Frameworks",
				);
				MARKETING_VERSION = 1.0;
				PRODUCT_BUNDLE_IDENTIFIER = "com.sasha.ballcatch";
				PRODUCT_NAME = "$(TARGET_NAME)";
				SWIFT_EMIT_LOC_STRINGS = YES;
				SWIFT_VERSION = 5.0;
				TARGETED_DEVICE_FAMILY = 1;
			};
			name = Release;
		};
/* End XCBuildConfiguration section */

/* Begin XCConfigurationList section */
		AF000001 /* Build configuration list for PBXProject "BallCatch" */ = {
			isa = XCConfigurationList;
			buildConfigurations = (
				AF000010 /* Debug */,
				AF000011 /* Release */,
			);
			defaultConfigurationIsVisible = 0;
			defaultConfigurationName = Release;
		};
		AF000002 /* Build configuration list for PBXNativeTarget "BallCatch" */ = {
			isa = XCConfigurationList;
			buildConfigurations = (
				AF000012 /* Debug */,
				AF000013 /* Release */,
			);
			defaultConfigurationIsVisible = 0;
			defaultConfigurationName = Release;
		};
/* End XCConfigurationList section */

	};
	rootObject = AE000000 /* Project object */;
}
